// !$*UTF8*$!
{
	archiveVersion = 1;
	classes = {
	};
	objectVersion = 48;
	objects = {

/* Begin PBXBuildFile section */
		3524A7CB204D3623003759AD /* KeychainItemWrapper.m in Sources */ = {isa = PBXBuildFile; fileRef = 3524A7CA204D3623003759AD /* KeychainItemWrapper.m */; };
		3552AE8E2033F39800C168D1 /* back_icon_x2.png in Resources */ = {isa = PBXBuildFile; fileRef = 3552AE8D2033F39800C168D1 /* back_icon_x2.png */; };
		356BDED520311DB300483C54 /* back_icon.png in Resources */ = {isa = PBXBuildFile; fileRef = 356BDED420311DB300483C54 /* back_icon.png */; };
		356BDED920311F2800483C54 /* home_icon.png in Resources */ = {isa = PBXBuildFile; fileRef = 356BDED820311F2800483C54 /* home_icon.png */; };
		356DB19D203F96A500EDDD43 /* SearchCompanyTableVC.swift in Sources */ = {isa = PBXBuildFile; fileRef = 356DB19C203F96A500EDDD43 /* SearchCompanyTableVC.swift */; };
		356DB1A0203FD28A00EDDD43 /* not_occur_notification_icon.png in Resources */ = {isa = PBXBuildFile; fileRef = 356DB19E203FD28900EDDD43 /* not_occur_notification_icon.png */; };
		356DB1A1203FD28A00EDDD43 /* occur_notification_icon.png in Resources */ = {isa = PBXBuildFile; fileRef = 356DB19F203FD28A00EDDD43 /* occur_notification_icon.png */; };
		356DB1A3203FD2BA00EDDD43 /* NoticeTableVC.swift in Sources */ = {isa = PBXBuildFile; fileRef = 356DB1A2203FD2BA00EDDD43 /* NoticeTableVC.swift */; };
		356DB1A5203FD43000EDDD43 /* main_banner.png in Resources */ = {isa = PBXBuildFile; fileRef = 356DB1A4203FD42F00EDDD43 /* main_banner.png */; };
		356DB1A9203FEE7300EDDD43 /* NoticeModel.swift in Sources */ = {isa = PBXBuildFile; fileRef = 356DB1A8203FEE7300EDDD43 /* NoticeModel.swift */; };
		35732E462031169700AC13D4 /* MapVC.swift in Sources */ = {isa = PBXBuildFile; fileRef = 35732E452031169700AC13D4 /* MapVC.swift */; };
		3576B53A204F803900D8EA63 /* GoogleService-Info.plist in Resources */ = {isa = PBXBuildFile; fileRef = 3576B539204F803900D8EA63 /* GoogleService-Info.plist */; };
		357B582F203A80BA00663628 /* CompanyTableCell.swift in Sources */ = {isa = PBXBuildFile; fileRef = 357B582E203A80BA00663628 /* CompanyTableCell.swift */; };
		357B5831203A8E1900663628 /* InfoMainVC.swift in Sources */ = {isa = PBXBuildFile; fileRef = 357B5830203A8E1900663628 /* InfoMainVC.swift */; };
		357B5833203A984C00663628 /* Recruitment_InfoVC.swift in Sources */ = {isa = PBXBuildFile; fileRef = 357B5832203A984C00663628 /* Recruitment_InfoVC.swift */; };
		357B5835203A988300663628 /* Company_InfoVC.swift in Sources */ = {isa = PBXBuildFile; fileRef = 357B5834203A988300663628 /* Company_InfoVC.swift */; };
		3586B536204391230074736D /* ExpandableHeaderView.swift in Sources */ = {isa = PBXBuildFile; fileRef = 3586B535204391230074736D /* ExpandableHeaderView.swift */; };
		3586B5412043C6AE0074736D /* right_arrow_icon.png in Resources */ = {isa = PBXBuildFile; fileRef = 3586B53F2043C6AE0074736D /* right_arrow_icon.png */; };
		3586B5422043C6AE0074736D /* down_arrow_icon.png in Resources */ = {isa = PBXBuildFile; fileRef = 3586B5402043C6AE0074736D /* down_arrow_icon.png */; };
		3586B5442043CEB30074736D /* NoticeTableCell.swift in Sources */ = {isa = PBXBuildFile; fileRef = 3586B5432043CEB30074736D /* NoticeTableCell.swift */; };
		3586B586204523D30074736D /* EventPlaceVC.swift in Sources */ = {isa = PBXBuildFile; fileRef = 3586B585204523D30074736D /* EventPlaceVC.swift */; };
		3586B5882045405C0074736D /* EventPlaceZoomVC.swift in Sources */ = {isa = PBXBuildFile; fileRef = 3586B5872045405C0074736D /* EventPlaceZoomVC.swift */; };
		3590B0E4203D0B080047DFA8 /* libsqlite3.tbd in Frameworks */ = {isa = PBXBuildFile; fileRef = 3590B0E3203D0B080047DFA8 /* libsqlite3.tbd */; };
		3590B0E6203D0B120047DFA8 /* libxml2.tbd in Frameworks */ = {isa = PBXBuildFile; fileRef = 3590B0E5203D0B120047DFA8 /* libxml2.tbd */; };
		3590B0E8203D0B1F0047DFA8 /* libstdc++.6.tbd in Frameworks */ = {isa = PBXBuildFile; fileRef = 3590B0E7203D0B1F0047DFA8 /* libstdc++.6.tbd */; };
		3590B0EA203D0B270047DFA8 /* QuartzCore.framework in Frameworks */ = {isa = PBXBuildFile; fileRef = 3590B0E9203D0B270047DFA8 /* QuartzCore.framework */; };
		3590B0EC203D0B2F0047DFA8 /* CoreLocation.framework in Frameworks */ = {isa = PBXBuildFile; fileRef = 3590B0EB203D0B2F0047DFA8 /* CoreLocation.framework */; };
		3590B0EE203D0B380047DFA8 /* SystemConfiguration.framework in Frameworks */ = {isa = PBXBuildFile; fileRef = 3590B0ED203D0B380047DFA8 /* SystemConfiguration.framework */; };
		3590B0F0203D0B410047DFA8 /* OpenGLES.framework in Frameworks */ = {isa = PBXBuildFile; fileRef = 3590B0EF203D0B410047DFA8 /* OpenGLES.framework */; };
		3590B0F4203D0D110047DFA8 /* DaumMap.framework in Frameworks */ = {isa = PBXBuildFile; fileRef = 3590B0F3203D0D110047DFA8 /* DaumMap.framework */; };
		3590B0F9203D17010047DFA8 /* map_pin_red.png in Resources */ = {isa = PBXBuildFile; fileRef = 3590B0F5203D16FF0047DFA8 /* map_pin_red.png */; };
		3590B0FA203D17010047DFA8 /* magnifying_glass.png in Resources */ = {isa = PBXBuildFile; fileRef = 3590B0F6203D17000047DFA8 /* magnifying_glass.png */; };
		3590B0FB203D17010047DFA8 /* btn_qr.png in Resources */ = {isa = PBXBuildFile; fileRef = 3590B0F7203D17000047DFA8 /* btn_qr.png */; };
		3590B0FC203D17010047DFA8 /* map_pin_blue.png in Resources */ = {isa = PBXBuildFile; fileRef = 3590B0F8203D17010047DFA8 /* map_pin_blue.png */; };
		3590B100203D28FE0047DFA8 /* Bolts.framework in Frameworks */ = {isa = PBXBuildFile; fileRef = 3590B0FE203D28FD0047DFA8 /* Bolts.framework */; };
		3590B101203D28FE0047DFA8 /* Parse.framework in Frameworks */ = {isa = PBXBuildFile; fileRef = 3590B0FF203D28FE0047DFA8 /* Parse.framework */; };
		3590B104203D2A900047DFA8 /* AudioToolbox.framework in Frameworks */ = {isa = PBXBuildFile; fileRef = 3590B103203D2A8F0047DFA8 /* AudioToolbox.framework */; };
		3590B109203D2D010047DFA8 /* BeaconModel.swift in Sources */ = {isa = PBXBuildFile; fileRef = 3590B108203D2D010047DFA8 /* BeaconModel.swift */; };
		3590B10C203D2FA70047DFA8 /* CompanyDetailModel.swift in Sources */ = {isa = PBXBuildFile; fileRef = 3590B10B203D2FA70047DFA8 /* CompanyDetailModel.swift */; };
		3590B10F203D52440047DFA8 /* Key.swift in Sources */ = {isa = PBXBuildFile; fileRef = 3590B10E203D52440047DFA8 /* Key.swift */; };
		3590B111203D69430047DFA8 /* URLLoadImageView.swift in Sources */ = {isa = PBXBuildFile; fileRef = 3590B110203D69430047DFA8 /* URLLoadImageView.swift */; };
		3590B115203D7E110047DFA8 /* AlertManager.swift in Sources */ = {isa = PBXBuildFile; fileRef = 3590B114203D7E110047DFA8 /* AlertManager.swift */; };
		3590B117203D81CA0047DFA8 /* CompanyListModel.swift in Sources */ = {isa = PBXBuildFile; fileRef = 3590B116203D81CA0047DFA8 /* CompanyListModel.swift */; };
		3590B11B203E5A1E0047DFA8 /* BeaconCompanyTableVC.swift in Sources */ = {isa = PBXBuildFile; fileRef = 3590B11A203E5A1E0047DFA8 /* BeaconCompanyTableVC.swift */; };
		35BDF13F203D097B005CB27B /* PaddingLabel.swift in Sources */ = {isa = PBXBuildFile; fileRef = 35BDF13E203D097B005CB27B /* PaddingLabel.swift */; };
		35FE8AA320463D57001B5AF8 /* SubEventTableCell.swift in Sources */ = {isa = PBXBuildFile; fileRef = 35FE8AA220463D57001B5AF8 /* SubEventTableCell.swift */; };
		35FE8AA52046409B001B5AF8 /* SubEventTableVC.swift in Sources */ = {isa = PBXBuildFile; fileRef = 35FE8AA42046409B001B5AF8 /* SubEventTableVC.swift */; };
		35FE8AA720466E84001B5AF8 /* SubEventDetailVC.swift in Sources */ = {isa = PBXBuildFile; fileRef = 35FE8AA620466E84001B5AF8 /* SubEventDetailVC.swift */; };
		35FE8ABA2046833C001B5AF8 /* SubEventModel.swift in Sources */ = {isa = PBXBuildFile; fileRef = 35FE8AB92046833C001B5AF8 /* SubEventModel.swift */; };
		35FE8AC520468837001B5AF8 /* subEvent1.PNG in Resources */ = {isa = PBXBuildFile; fileRef = 35FE8ABB20468830001B5AF8 /* subEvent1.PNG */; };
		35FE8AC620468837001B5AF8 /* subEvent4.PNG in Resources */ = {isa = PBXBuildFile; fileRef = 35FE8ABC20468831001B5AF8 /* subEvent4.PNG */; };
		35FE8AC720468837001B5AF8 /* subEvent5.PNG in Resources */ = {isa = PBXBuildFile; fileRef = 35FE8ABD20468832001B5AF8 /* subEvent5.PNG */; };
		35FE8AC820468837001B5AF8 /* fmap2.PNG in Resources */ = {isa = PBXBuildFile; fileRef = 35FE8ABE20468832001B5AF8 /* fmap2.PNG */; };
		35FE8AC920468837001B5AF8 /* subEvent2.PNG in Resources */ = {isa = PBXBuildFile; fileRef = 35FE8ABF20468833001B5AF8 /* subEvent2.PNG */; };
		35FE8ACA20468837001B5AF8 /* festival_Img.PNG in Resources */ = {isa = PBXBuildFile; fileRef = 35FE8AC020468834001B5AF8 /* festival_Img.PNG */; };
		35FE8ACB20468837001B5AF8 /* fmap1.PNG in Resources */ = {isa = PBXBuildFile; fileRef = 35FE8AC120468834001B5AF8 /* fmap1.PNG */; };
		35FE8ACC20468837001B5AF8 /* subEvent6.PNG in Resources */ = {isa = PBXBuildFile; fileRef = 35FE8AC220468835001B5AF8 /* subEvent6.PNG */; };
		35FE8ACD20468837001B5AF8 /* subEvent3.PNG in Resources */ = {isa = PBXBuildFile; fileRef = 35FE8AC320468836001B5AF8 /* subEvent3.PNG */; };
		35FE8ACE20468837001B5AF8 /* map1.PNG in Resources */ = {isa = PBXBuildFile; fileRef = 35FE8AC420468836001B5AF8 /* map1.PNG */; };
		60C7E6A08DEA75950F1761F9 /* Pods_Career.framework in Frameworks */ = {isa = PBXBuildFile; fileRef = C6B9EE9175D68D85A2A2105D /* Pods_Career.framework */; };
		C4A8087B20282A27007D5812 /* AppDelegate.swift in Sources */ = {isa = PBXBuildFile; fileRef = C4A8087A20282A27007D5812 /* AppDelegate.swift */; };
		C4A8087D20282A27007D5812 /* LoadVC.swift in Sources */ = {isa = PBXBuildFile; fileRef = C4A8087C20282A27007D5812 /* LoadVC.swift */; };
		C4A8088020282A27007D5812 /* Main.storyboard in Resources */ = {isa = PBXBuildFile; fileRef = C4A8087E20282A27007D5812 /* Main.storyboard */; };
		C4A8088320282A27007D5812 /* Career.xcdatamodeld in Sources */ = {isa = PBXBuildFile; fileRef = C4A8088120282A27007D5812 /* Career.xcdatamodeld */; };
		C4A8088520282A27007D5812 /* Assets.xcassets in Resources */ = {isa = PBXBuildFile; fileRef = C4A8088420282A27007D5812 /* Assets.xcassets */; };
		C4A8088820282A27007D5812 /* LaunchScreen.storyboard in Resources */ = {isa = PBXBuildFile; fileRef = C4A8088620282A27007D5812 /* LaunchScreen.storyboard */; };
		C4A80890202949A3007D5812 /* MainVC.swift in Sources */ = {isa = PBXBuildFile; fileRef = C4A8088F202949A3007D5812 /* MainVC.swift */; };
/* End PBXBuildFile section */

/* Begin PBXFileReference section */
		0BA9F014B32E14A5DC622D9D /* Pods-Career.debug.xcconfig */ = {isa = PBXFileReference; includeInIndex = 1; lastKnownFileType = text.xcconfig; name = "Pods-Career.debug.xcconfig"; path = "Pods/Target Support Files/Pods-Career/Pods-Career.debug.xcconfig"; sourceTree = "<group>"; };
		3524A7C9204D3623003759AD /* KeychainItemWrapper.h */ = {isa = PBXFileReference; fileEncoding = 4; lastKnownFileType = sourcecode.c.h; path = KeychainItemWrapper.h; sourceTree = "<group>"; };
		3524A7CA204D3623003759AD /* KeychainItemWrapper.m */ = {isa = PBXFileReference; fileEncoding = 4; lastKnownFileType = sourcecode.c.objc; path = KeychainItemWrapper.m; sourceTree = "<group>"; };
		3552AE8D2033F39800C168D1 /* back_icon_x2.png */ = {isa = PBXFileReference; lastKnownFileType = image.png; path = back_icon_x2.png; sourceTree = "<group>"; };
		356BDED420311DB300483C54 /* back_icon.png */ = {isa = PBXFileReference; lastKnownFileType = image.png; path = back_icon.png; sourceTree = "<group>"; };
		356BDED820311F2800483C54 /* home_icon.png */ = {isa = PBXFileReference; lastKnownFileType = image.png; path = home_icon.png; sourceTree = "<group>"; };
		356DB19C203F96A500EDDD43 /* SearchCompanyTableVC.swift */ = {isa = PBXFileReference; lastKnownFileType = sourcecode.swift; path = SearchCompanyTableVC.swift; sourceTree = "<group>"; };
		356DB19E203FD28900EDDD43 /* not_occur_notification_icon.png */ = {isa = PBXFileReference; lastKnownFileType = image.png; path = not_occur_notification_icon.png; sourceTree = "<group>"; };
		356DB19F203FD28A00EDDD43 /* occur_notification_icon.png */ = {isa = PBXFileReference; lastKnownFileType = image.png; path = occur_notification_icon.png; sourceTree = "<group>"; };
		356DB1A2203FD2BA00EDDD43 /* NoticeTableVC.swift */ = {isa = PBXFileReference; lastKnownFileType = sourcecode.swift; path = NoticeTableVC.swift; sourceTree = "<group>"; };
		356DB1A4203FD42F00EDDD43 /* main_banner.png */ = {isa = PBXFileReference; lastKnownFileType = image.png; path = main_banner.png; sourceTree = "<group>"; };
		356DB1A8203FEE7300EDDD43 /* NoticeModel.swift */ = {isa = PBXFileReference; lastKnownFileType = sourcecode.swift; path = NoticeModel.swift; sourceTree = "<group>"; };
		35732E452031169700AC13D4 /* MapVC.swift */ = {isa = PBXFileReference; lastKnownFileType = sourcecode.swift; path = MapVC.swift; sourceTree = "<group>"; };
		3576B539204F803900D8EA63 /* GoogleService-Info.plist */ = {isa = PBXFileReference; fileEncoding = 4; lastKnownFileType = text.plist.xml; path = "GoogleService-Info.plist"; sourceTree = "<group>"; };
		357B582E203A80BA00663628 /* CompanyTableCell.swift */ = {isa = PBXFileReference; lastKnownFileType = sourcecode.swift; path = CompanyTableCell.swift; sourceTree = "<group>"; };
		357B5830203A8E1900663628 /* InfoMainVC.swift */ = {isa = PBXFileReference; lastKnownFileType = sourcecode.swift; path = InfoMainVC.swift; sourceTree = "<group>"; };
		357B5832203A984C00663628 /* Recruitment_InfoVC.swift */ = {isa = PBXFileReference; lastKnownFileType = sourcecode.swift; path = Recruitment_InfoVC.swift; sourceTree = "<group>"; };
		357B5834203A988300663628 /* Company_InfoVC.swift */ = {isa = PBXFileReference; lastKnownFileType = sourcecode.swift; path = Company_InfoVC.swift; sourceTree = "<group>"; };
		3586B535204391230074736D /* ExpandableHeaderView.swift */ = {isa = PBXFileReference; lastKnownFileType = sourcecode.swift; path = ExpandableHeaderView.swift; sourceTree = "<group>"; };
		3586B53F2043C6AE0074736D /* right_arrow_icon.png */ = {isa = PBXFileReference; lastKnownFileType = image.png; path = right_arrow_icon.png; sourceTree = "<group>"; };
		3586B5402043C6AE0074736D /* down_arrow_icon.png */ = {isa = PBXFileReference; lastKnownFileType = image.png; path = down_arrow_icon.png; sourceTree = "<group>"; };
		3586B5432043CEB30074736D /* NoticeTableCell.swift */ = {isa = PBXFileReference; lastKnownFileType = sourcecode.swift; path = NoticeTableCell.swift; sourceTree = "<group>"; };
		3586B585204523D30074736D /* EventPlaceVC.swift */ = {isa = PBXFileReference; lastKnownFileType = sourcecode.swift; path = EventPlaceVC.swift; sourceTree = "<group>"; };
		3586B5872045405C0074736D /* EventPlaceZoomVC.swift */ = {isa = PBXFileReference; lastKnownFileType = sourcecode.swift; path = EventPlaceZoomVC.swift; sourceTree = "<group>"; };
		3590B0E3203D0B080047DFA8 /* libsqlite3.tbd */ = {isa = PBXFileReference; lastKnownFileType = "sourcecode.text-based-dylib-definition"; name = libsqlite3.tbd; path = usr/lib/libsqlite3.tbd; sourceTree = SDKROOT; };
		3590B0E5203D0B120047DFA8 /* libxml2.tbd */ = {isa = PBXFileReference; lastKnownFileType = "sourcecode.text-based-dylib-definition"; name = libxml2.tbd; path = usr/lib/libxml2.tbd; sourceTree = SDKROOT; };
		3590B0E7203D0B1F0047DFA8 /* libstdc++.6.tbd */ = {isa = PBXFileReference; lastKnownFileType = "sourcecode.text-based-dylib-definition"; name = "libstdc++.6.tbd"; path = "usr/lib/libstdc++.6.tbd"; sourceTree = SDKROOT; };
		3590B0E9203D0B270047DFA8 /* QuartzCore.framework */ = {isa = PBXFileReference; lastKnownFileType = wrapper.framework; name = QuartzCore.framework; path = System/Library/Frameworks/QuartzCore.framework; sourceTree = SDKROOT; };
		3590B0EB203D0B2F0047DFA8 /* CoreLocation.framework */ = {isa = PBXFileReference; lastKnownFileType = wrapper.framework; name = CoreLocation.framework; path = System/Library/Frameworks/CoreLocation.framework; sourceTree = SDKROOT; };
		3590B0ED203D0B380047DFA8 /* SystemConfiguration.framework */ = {isa = PBXFileReference; lastKnownFileType = wrapper.framework; name = SystemConfiguration.framework; path = System/Library/Frameworks/SystemConfiguration.framework; sourceTree = SDKROOT; };
		3590B0EF203D0B410047DFA8 /* OpenGLES.framework */ = {isa = PBXFileReference; lastKnownFileType = wrapper.framework; name = OpenGLES.framework; path = System/Library/Frameworks/OpenGLES.framework; sourceTree = SDKROOT; };
		3590B0F3203D0D110047DFA8 /* DaumMap.framework */ = {isa = PBXFileReference; lastKnownFileType = wrapper.framework; path = DaumMap.framework; sourceTree = "<group>"; };
		3590B0F5203D16FF0047DFA8 /* map_pin_red.png */ = {isa = PBXFileReference; lastKnownFileType = image.png; path = map_pin_red.png; sourceTree = "<group>"; };
		3590B0F6203D17000047DFA8 /* magnifying_glass.png */ = {isa = PBXFileReference; lastKnownFileType = image.png; path = magnifying_glass.png; sourceTree = "<group>"; };
		3590B0F7203D17000047DFA8 /* btn_qr.png */ = {isa = PBXFileReference; lastKnownFileType = image.png; path = btn_qr.png; sourceTree = "<group>"; };
		3590B0F8203D17010047DFA8 /* map_pin_blue.png */ = {isa = PBXFileReference; lastKnownFileType = image.png; path = map_pin_blue.png; sourceTree = "<group>"; };
		3590B0FE203D28FD0047DFA8 /* Bolts.framework */ = {isa = PBXFileReference; lastKnownFileType = wrapper.framework; path = Bolts.framework; sourceTree = "<group>"; };
		3590B0FF203D28FE0047DFA8 /* Parse.framework */ = {isa = PBXFileReference; lastKnownFileType = wrapper.framework; path = Parse.framework; sourceTree = "<group>"; };
		3590B103203D2A8F0047DFA8 /* AudioToolbox.framework */ = {isa = PBXFileReference; lastKnownFileType = wrapper.framework; name = AudioToolbox.framework; path = System/Library/Frameworks/AudioToolbox.framework; sourceTree = SDKROOT; };
		3590B108203D2D010047DFA8 /* BeaconModel.swift */ = {isa = PBXFileReference; lastKnownFileType = sourcecode.swift; path = BeaconModel.swift; sourceTree = "<group>"; };
		3590B10B203D2FA70047DFA8 /* CompanyDetailModel.swift */ = {isa = PBXFileReference; lastKnownFileType = sourcecode.swift; path = CompanyDetailModel.swift; sourceTree = "<group>"; };
		3590B10E203D52440047DFA8 /* Key.swift */ = {isa = PBXFileReference; lastKnownFileType = sourcecode.swift; path = Key.swift; sourceTree = "<group>"; };
		3590B110203D69430047DFA8 /* URLLoadImageView.swift */ = {isa = PBXFileReference; lastKnownFileType = sourcecode.swift; path = URLLoadImageView.swift; sourceTree = "<group>"; };
		3590B114203D7E110047DFA8 /* AlertManager.swift */ = {isa = PBXFileReference; lastKnownFileType = sourcecode.swift; path = AlertManager.swift; sourceTree = "<group>"; };
		3590B116203D81CA0047DFA8 /* CompanyListModel.swift */ = {isa = PBXFileReference; lastKnownFileType = sourcecode.swift; path = CompanyListModel.swift; sourceTree = "<group>"; };
		3590B11A203E5A1E0047DFA8 /* BeaconCompanyTableVC.swift */ = {isa = PBXFileReference; lastKnownFileType = sourcecode.swift; path = BeaconCompanyTableVC.swift; sourceTree = "<group>"; };
		35A34077204F715500B7957D /* Career.entitlements */ = {isa = PBXFileReference; lastKnownFileType = text.plist.entitlements; path = Career.entitlements; sourceTree = "<group>"; };
		35BDF13E203D097B005CB27B /* PaddingLabel.swift */ = {isa = PBXFileReference; lastKnownFileType = sourcecode.swift; path = PaddingLabel.swift; sourceTree = "<group>"; };
		35BDF140203D09DF005CB27B /* ObjcBridgeHeader.h */ = {isa = PBXFileReference; lastKnownFileType = sourcecode.c.h; path = ObjcBridgeHeader.h; sourceTree = "<group>"; };
		35FE8AA220463D57001B5AF8 /* SubEventTableCell.swift */ = {isa = PBXFileReference; lastKnownFileType = sourcecode.swift; path = SubEventTableCell.swift; sourceTree = "<group>"; };
		35FE8AA42046409B001B5AF8 /* SubEventTableVC.swift */ = {isa = PBXFileReference; lastKnownFileType = sourcecode.swift; path = SubEventTableVC.swift; sourceTree = "<group>"; };
		35FE8AA620466E84001B5AF8 /* SubEventDetailVC.swift */ = {isa = PBXFileReference; lastKnownFileType = sourcecode.swift; path = SubEventDetailVC.swift; sourceTree = "<group>"; };
		35FE8AB92046833C001B5AF8 /* SubEventModel.swift */ = {isa = PBXFileReference; lastKnownFileType = sourcecode.swift; path = SubEventModel.swift; sourceTree = "<group>"; };
		35FE8ABB20468830001B5AF8 /* subEvent1.PNG */ = {isa = PBXFileReference; lastKnownFileType = image.png; path = subEvent1.PNG; sourceTree = "<group>"; };
		35FE8ABC20468831001B5AF8 /* subEvent4.PNG */ = {isa = PBXFileReference; lastKnownFileType = image.png; path = subEvent4.PNG; sourceTree = "<group>"; };
		35FE8ABD20468832001B5AF8 /* subEvent5.PNG */ = {isa = PBXFileReference; lastKnownFileType = image.png; path = subEvent5.PNG; sourceTree = "<group>"; };
		35FE8ABE20468832001B5AF8 /* fmap2.PNG */ = {isa = PBXFileReference; lastKnownFileType = image.png; path = fmap2.PNG; sourceTree = "<group>"; };
		35FE8ABF20468833001B5AF8 /* subEvent2.PNG */ = {isa = PBXFileReference; lastKnownFileType = image.png; path = subEvent2.PNG; sourceTree = "<group>"; };
		35FE8AC020468834001B5AF8 /* festival_Img.PNG */ = {isa = PBXFileReference; lastKnownFileType = image.png; path = festival_Img.PNG; sourceTree = "<group>"; };
		35FE8AC120468834001B5AF8 /* fmap1.PNG */ = {isa = PBXFileReference; lastKnownFileType = image.png; path = fmap1.PNG; sourceTree = "<group>"; };
		35FE8AC220468835001B5AF8 /* subEvent6.PNG */ = {isa = PBXFileReference; lastKnownFileType = image.png; path = subEvent6.PNG; sourceTree = "<group>"; };
		35FE8AC320468836001B5AF8 /* subEvent3.PNG */ = {isa = PBXFileReference; lastKnownFileType = image.png; path = subEvent3.PNG; sourceTree = "<group>"; };
		35FE8AC420468836001B5AF8 /* map1.PNG */ = {isa = PBXFileReference; lastKnownFileType = image.png; path = map1.PNG; sourceTree = "<group>"; };
		4EC75E0F8F3216BA543E4D43 /* Pods-Career.release.xcconfig */ = {isa = PBXFileReference; includeInIndex = 1; lastKnownFileType = text.xcconfig; name = "Pods-Career.release.xcconfig"; path = "Pods/Target Support Files/Pods-Career/Pods-Career.release.xcconfig"; sourceTree = "<group>"; };
		C4A8087720282A27007D5812 /* Career.app */ = {isa = PBXFileReference; explicitFileType = wrapper.application; includeInIndex = 0; path = Career.app; sourceTree = BUILT_PRODUCTS_DIR; };
		C4A8087A20282A27007D5812 /* AppDelegate.swift */ = {isa = PBXFileReference; lastKnownFileType = sourcecode.swift; path = AppDelegate.swift; sourceTree = "<group>"; };
		C4A8087C20282A27007D5812 /* LoadVC.swift */ = {isa = PBXFileReference; lastKnownFileType = sourcecode.swift; path = LoadVC.swift; sourceTree = "<group>"; };
		C4A8087F20282A27007D5812 /* Base */ = {isa = PBXFileReference; lastKnownFileType = file.storyboard; name = Base; path = Base.lproj/Main.storyboard; sourceTree = "<group>"; };
		C4A8088220282A27007D5812 /* Career.xcdatamodel */ = {isa = PBXFileReference; lastKnownFileType = wrapper.xcdatamodel; path = Career.xcdatamodel; sourceTree = "<group>"; };
		C4A8088420282A27007D5812 /* Assets.xcassets */ = {isa = PBXFileReference; lastKnownFileType = folder.assetcatalog; path = Assets.xcassets; sourceTree = "<group>"; };
		C4A8088720282A27007D5812 /* Base */ = {isa = PBXFileReference; lastKnownFileType = file.storyboard; name = Base; path = Base.lproj/LaunchScreen.storyboard; sourceTree = "<group>"; };
		C4A8088920282A27007D5812 /* Info.plist */ = {isa = PBXFileReference; lastKnownFileType = text.plist.xml; path = Info.plist; sourceTree = "<group>"; };
		C4A8088F202949A3007D5812 /* MainVC.swift */ = {isa = PBXFileReference; lastKnownFileType = sourcecode.swift; path = MainVC.swift; sourceTree = "<group>"; };
		C6B9EE9175D68D85A2A2105D /* Pods_Career.framework */ = {isa = PBXFileReference; explicitFileType = wrapper.framework; includeInIndex = 0; path = Pods_Career.framework; sourceTree = BUILT_PRODUCTS_DIR; };
/* End PBXFileReference section */

/* Begin PBXFrameworksBuildPhase section */
		C4A8087420282A27007D5812 /* Frameworks */ = {
			isa = PBXFrameworksBuildPhase;
			buildActionMask = 2147483647;
			files = (
				3590B104203D2A900047DFA8 /* AudioToolbox.framework in Frameworks */,
				3590B100203D28FE0047DFA8 /* Bolts.framework in Frameworks */,
				3590B101203D28FE0047DFA8 /* Parse.framework in Frameworks */,
				3590B0F4203D0D110047DFA8 /* DaumMap.framework in Frameworks */,
				3590B0F0203D0B410047DFA8 /* OpenGLES.framework in Frameworks */,
				3590B0EE203D0B380047DFA8 /* SystemConfiguration.framework in Frameworks */,
				3590B0EC203D0B2F0047DFA8 /* CoreLocation.framework in Frameworks */,
				3590B0EA203D0B270047DFA8 /* QuartzCore.framework in Frameworks */,
				3590B0E8203D0B1F0047DFA8 /* libstdc++.6.tbd in Frameworks */,
				3590B0E6203D0B120047DFA8 /* libxml2.tbd in Frameworks */,
				3590B0E4203D0B080047DFA8 /* libsqlite3.tbd in Frameworks */,
				60C7E6A08DEA75950F1761F9 /* Pods_Career.framework in Frameworks */,
			);
			runOnlyForDeploymentPostprocessing = 0;
		};
/* End PBXFrameworksBuildPhase section */

/* Begin PBXGroup section */
		1F0BAC56914C552C12D378FF /* Pods */ = {
			isa = PBXGroup;
			children = (
				0BA9F014B32E14A5DC622D9D /* Pods-Career.debug.xcconfig */,
				4EC75E0F8F3216BA543E4D43 /* Pods-Career.release.xcconfig */,
			);
			name = Pods;
			sourceTree = "<group>";
		};
		35732E4720311C4B00AC13D4 /* Resources */ = {
			isa = PBXGroup;
			children = (
				35FE8AAA20468294001B5AF8 /* sample */,
				3586B5402043C6AE0074736D /* down_arrow_icon.png */,
				3586B53F2043C6AE0074736D /* right_arrow_icon.png */,
				356DB1A4203FD42F00EDDD43 /* main_banner.png */,
				356DB19E203FD28900EDDD43 /* not_occur_notification_icon.png */,
				356DB19F203FD28A00EDDD43 /* occur_notification_icon.png */,
				356BDED420311DB300483C54 /* back_icon.png */,
				356BDED820311F2800483C54 /* home_icon.png */,
				3552AE8D2033F39800C168D1 /* back_icon_x2.png */,
				3590B0F7203D17000047DFA8 /* btn_qr.png */,
				3590B0F6203D17000047DFA8 /* magnifying_glass.png */,
				3590B0F8203D17010047DFA8 /* map_pin_blue.png */,
				3590B0F5203D16FF0047DFA8 /* map_pin_red.png */,
			);
			path = Resources;
			sourceTree = "<group>";
		};
		35732E4820311C5800AC13D4 /* ViewController */ = {
			isa = PBXGroup;
			children = (
				C4A8087C20282A27007D5812 /* LoadVC.swift */,
				C4A8088F202949A3007D5812 /* MainVC.swift */,
				35732E452031169700AC13D4 /* MapVC.swift */,
				3590B11A203E5A1E0047DFA8 /* BeaconCompanyTableVC.swift */,
				357B5830203A8E1900663628 /* InfoMainVC.swift */,
				357B5832203A984C00663628 /* Recruitment_InfoVC.swift */,
				357B5834203A988300663628 /* Company_InfoVC.swift */,
				356DB19C203F96A500EDDD43 /* SearchCompanyTableVC.swift */,
				356DB1A2203FD2BA00EDDD43 /* NoticeTableVC.swift */,
				3586B585204523D30074736D /* EventPlaceVC.swift */,
				3586B5872045405C0074736D /* EventPlaceZoomVC.swift */,
				35FE8AA42046409B001B5AF8 /* SubEventTableVC.swift */,
				35FE8AA620466E84001B5AF8 /* SubEventDetailVC.swift */,
			);
			path = ViewController;
			sourceTree = "<group>";
		};
		357B582D203A808F00663628 /* TableViewCell */ = {
			isa = PBXGroup;
			children = (
				357B582E203A80BA00663628 /* CompanyTableCell.swift */,
				3586B5432043CEB30074736D /* NoticeTableCell.swift */,
				35FE8AA220463D57001B5AF8 /* SubEventTableCell.swift */,
			);
			path = TableViewCell;
			sourceTree = "<group>";
		};
		3590B0E2203D0B080047DFA8 /* Frameworks */ = {
			isa = PBXGroup;
			children = (
				3590B103203D2A8F0047DFA8 /* AudioToolbox.framework */,
				3590B0EF203D0B410047DFA8 /* OpenGLES.framework */,
				3590B0ED203D0B380047DFA8 /* SystemConfiguration.framework */,
				3590B0EB203D0B2F0047DFA8 /* CoreLocation.framework */,
				3590B0E9203D0B270047DFA8 /* QuartzCore.framework */,
				3590B0E7203D0B1F0047DFA8 /* libstdc++.6.tbd */,
				3590B0E5203D0B120047DFA8 /* libxml2.tbd */,
				3590B0E3203D0B080047DFA8 /* libsqlite3.tbd */,
				C6B9EE9175D68D85A2A2105D /* Pods_Career.framework */,
			);
			name = Frameworks;
			sourceTree = "<group>";
		};
		3590B0F2203D0CFC0047DFA8 /* DaumMapFramework */ = {
			isa = PBXGroup;
			children = (
				3590B0F3203D0D110047DFA8 /* DaumMap.framework */,
			);
			path = DaumMapFramework;
			sourceTree = "<group>";
		};
		3590B0FD203D28ED0047DFA8 /* ParseFramework */ = {
			isa = PBXGroup;
			children = (
				3590B0FE203D28FD0047DFA8 /* Bolts.framework */,
				3590B0FF203D28FE0047DFA8 /* Parse.framework */,
			);
			path = ParseFramework;
			sourceTree = "<group>";
		};
		3590B102203D296A0047DFA8 /* AppDelegate */ = {
			isa = PBXGroup;
			children = (
				C4A8087A20282A27007D5812 /* AppDelegate.swift */,
			);
			path = AppDelegate;
			sourceTree = "<group>";
		};
		3590B105203D2B390047DFA8 /* Model */ = {
			isa = PBXGroup;
			children = (
				3590B108203D2D010047DFA8 /* BeaconModel.swift */,
				3590B10B203D2FA70047DFA8 /* CompanyDetailModel.swift */,
				3590B116203D81CA0047DFA8 /* CompanyListModel.swift */,
				356DB1A8203FEE7300EDDD43 /* NoticeModel.swift */,
				35FE8AB92046833C001B5AF8 /* SubEventModel.swift */,
			);
			path = Model;
			sourceTree = "<group>";
		};
		3590B10D203D521E0047DFA8 /* Constant */ = {
			isa = PBXGroup;
			children = (
				3590B10E203D52440047DFA8 /* Key.swift */,
			);
			path = Constant;
			sourceTree = "<group>";
		};
		35BDF13C203D0918005CB27B /* CustomMember */ = {
			isa = PBXGroup;
			children = (
				35BDF13E203D097B005CB27B /* PaddingLabel.swift */,
				3590B110203D69430047DFA8 /* URLLoadImageView.swift */,
				3590B114203D7E110047DFA8 /* AlertManager.swift */,
				3586B535204391230074736D /* ExpandableHeaderView.swift */,
			);
			path = CustomMember;
			sourceTree = "<group>";
		};
		35BDF13D203D0927005CB27B /* Objc */ = {
			isa = PBXGroup;
			children = (
				3524A7C9204D3623003759AD /* KeychainItemWrapper.h */,
				3524A7CA204D3623003759AD /* KeychainItemWrapper.m */,
				35BDF140203D09DF005CB27B /* ObjcBridgeHeader.h */,
			);
			path = Objc;
			sourceTree = "<group>";
		};
		35FE8AAA20468294001B5AF8 /* sample */ = {
			isa = PBXGroup;
			children = (
				35FE8AC020468834001B5AF8 /* festival_Img.PNG */,
				35FE8AC120468834001B5AF8 /* fmap1.PNG */,
				35FE8ABE20468832001B5AF8 /* fmap2.PNG */,
				35FE8AC420468836001B5AF8 /* map1.PNG */,
				35FE8ABB20468830001B5AF8 /* subEvent1.PNG */,
				35FE8ABF20468833001B5AF8 /* subEvent2.PNG */,
				35FE8AC320468836001B5AF8 /* subEvent3.PNG */,
				35FE8ABC20468831001B5AF8 /* subEvent4.PNG */,
				35FE8ABD20468832001B5AF8 /* subEvent5.PNG */,
				35FE8AC220468835001B5AF8 /* subEvent6.PNG */,
			);
			path = sample;
			sourceTree = "<group>";
		};
		C4A8086E20282A27007D5812 = {
			isa = PBXGroup;
			children = (
				C4A8087920282A27007D5812 /* Career */,
				C4A8087820282A27007D5812 /* Products */,
				3590B0E2203D0B080047DFA8 /* Frameworks */,
				1F0BAC56914C552C12D378FF /* Pods */,
			);
			sourceTree = "<group>";
		};
		C4A8087820282A27007D5812 /* Products */ = {
			isa = PBXGroup;
			children = (
				C4A8087720282A27007D5812 /* Career.app */,
			);
			name = Products;
			sourceTree = "<group>";
		};
		C4A8087920282A27007D5812 /* Career */ = {
			isa = PBXGroup;
			children = (
				35A34077204F715500B7957D /* Career.entitlements */,
				3590B102203D296A0047DFA8 /* AppDelegate */,
				3590B10D203D521E0047DFA8 /* Constant */,
				3590B105203D2B390047DFA8 /* Model */,
				3590B0FD203D28ED0047DFA8 /* ParseFramework */,
				3590B0F2203D0CFC0047DFA8 /* DaumMapFramework */,
				35BDF13D203D0927005CB27B /* Objc */,
				35BDF13C203D0918005CB27B /* CustomMember */,
				357B582D203A808F00663628 /* TableViewCell */,
				35732E4820311C5800AC13D4 /* ViewController */,
				35732E4720311C4B00AC13D4 /* Resources */,
				C4A8087E20282A27007D5812 /* Main.storyboard */,
				C4A8088420282A27007D5812 /* Assets.xcassets */,
				C4A8088620282A27007D5812 /* LaunchScreen.storyboard */,
				3576B539204F803900D8EA63 /* GoogleService-Info.plist */,
				C4A8088920282A27007D5812 /* Info.plist */,
				C4A8088120282A27007D5812 /* Career.xcdatamodeld */,
			);
			path = Career;
			sourceTree = "<group>";
		};
/* End PBXGroup section */

/* Begin PBXNativeTarget section */
		C4A8087620282A27007D5812 /* Career */ = {
			isa = PBXNativeTarget;
			buildConfigurationList = C4A8088C20282A27007D5812 /* Build configuration list for PBXNativeTarget "Career" */;
			buildPhases = (
				1838E84F79E7508996370D87 /* [CP] Check Pods Manifest.lock */,
				C4A8087320282A27007D5812 /* Sources */,
				C4A8087420282A27007D5812 /* Frameworks */,
				C4A8087520282A27007D5812 /* Resources */,
				D828F87ED40503A01E192E31 /* [CP] Embed Pods Frameworks */,
				5778D234EBEF9F1E283A6205 /* [CP] Copy Pods Resources */,
			);
			buildRules = (
			);
			dependencies = (
			);
			name = Career;
			productName = Career;
			productReference = C4A8087720282A27007D5812 /* Career.app */;
			productType = "com.apple.product-type.application";
		};
/* End PBXNativeTarget section */

/* Begin PBXProject section */
		C4A8086F20282A27007D5812 /* Project object */ = {
			isa = PBXProject;
			attributes = {
				LastSwiftUpdateCheck = 0920;
				LastUpgradeCheck = 0920;
				ORGANIZATIONNAME = Beaconyx;
				TargetAttributes = {
					C4A8087620282A27007D5812 = {
						CreatedOnToolsVersion = 9.2;
						ProvisioningStyle = Automatic;
						SystemCapabilities = {
							com.apple.BackgroundModes = {
								enabled = 1;
							};
							com.apple.Push = {
								enabled = 1;
							};
						};
					};
				};
			};
			buildConfigurationList = C4A8087220282A27007D5812 /* Build configuration list for PBXProject "Career" */;
			compatibilityVersion = "Xcode 8.0";
			developmentRegion = en;
			hasScannedForEncodings = 0;
			knownRegions = (
				en,
				Base,
			);
			mainGroup = C4A8086E20282A27007D5812;
			productRefGroup = C4A8087820282A27007D5812 /* Products */;
			projectDirPath = "";
			projectRoot = "";
			targets = (
				C4A8087620282A27007D5812 /* Career */,
			);
		};
/* End PBXProject section */

/* Begin PBXResourcesBuildPhase section */
		C4A8087520282A27007D5812 /* Resources */ = {
			isa = PBXResourcesBuildPhase;
			buildActionMask = 2147483647;
			files = (
				3586B5412043C6AE0074736D /* right_arrow_icon.png in Resources */,
				35FE8AC820468837001B5AF8 /* fmap2.PNG in Resources */,
				356DB1A1203FD28A00EDDD43 /* occur_notification_icon.png in Resources */,
				35FE8ACE20468837001B5AF8 /* map1.PNG in Resources */,
				3552AE8E2033F39800C168D1 /* back_icon_x2.png in Resources */,
				35FE8AC720468837001B5AF8 /* subEvent5.PNG in Resources */,
				3590B0FA203D17010047DFA8 /* magnifying_glass.png in Resources */,
				35FE8AC920468837001B5AF8 /* subEvent2.PNG in Resources */,
				3590B0FC203D17010047DFA8 /* map_pin_blue.png in Resources */,
				C4A8088820282A27007D5812 /* LaunchScreen.storyboard in Resources */,
				C4A8088520282A27007D5812 /* Assets.xcassets in Resources */,
				356BDED920311F2800483C54 /* home_icon.png in Resources */,
				C4A8088020282A27007D5812 /* Main.storyboard in Resources */,
				3576B53A204F803900D8EA63 /* GoogleService-Info.plist in Resources */,
				35FE8ACC20468837001B5AF8 /* subEvent6.PNG in Resources */,
				356BDED520311DB300483C54 /* back_icon.png in Resources */,
				35FE8ACA20468837001B5AF8 /* festival_Img.PNG in Resources */,
				35FE8ACD20468837001B5AF8 /* subEvent3.PNG in Resources */,
				35FE8AC620468837001B5AF8 /* subEvent4.PNG in Resources */,
				35FE8ACB20468837001B5AF8 /* fmap1.PNG in Resources */,
				3586B5422043C6AE0074736D /* down_arrow_icon.png in Resources */,
				356DB1A5203FD43000EDDD43 /* main_banner.png in Resources */,
				356DB1A0203FD28A00EDDD43 /* not_occur_notification_icon.png in Resources */,
				35FE8AC520468837001B5AF8 /* subEvent1.PNG in Resources */,
				3590B0FB203D17010047DFA8 /* btn_qr.png in Resources */,
				3590B0F9203D17010047DFA8 /* map_pin_red.png in Resources */,
			);
			runOnlyForDeploymentPostprocessing = 0;
		};
/* End PBXResourcesBuildPhase section */

/* Begin PBXShellScriptBuildPhase section */
		1838E84F79E7508996370D87 /* [CP] Check Pods Manifest.lock */ = {
			isa = PBXShellScriptBuildPhase;
			buildActionMask = 2147483647;
			files = (
			);
			inputPaths = (
				"${PODS_PODFILE_DIR_PATH}/Podfile.lock",
				"${PODS_ROOT}/Manifest.lock",
			);
			name = "[CP] Check Pods Manifest.lock";
			outputPaths = (
				"$(DERIVED_FILE_DIR)/Pods-Career-checkManifestLockResult.txt",
			);
			runOnlyForDeploymentPostprocessing = 0;
			shellPath = /bin/sh;
			shellScript = "diff \"${PODS_PODFILE_DIR_PATH}/Podfile.lock\" \"${PODS_ROOT}/Manifest.lock\" > /dev/null\nif [ $? != 0 ] ; then\n    # print error to STDERR\n    echo \"error: The sandbox is not in sync with the Podfile.lock. Run 'pod install' or update your CocoaPods installation.\" >&2\n    exit 1\nfi\n# This output is used by Xcode 'outputs' to avoid re-running this script phase.\necho \"SUCCESS\" > \"${SCRIPT_OUTPUT_FILE_0}\"\n";
			showEnvVarsInLog = 0;
		};
		5778D234EBEF9F1E283A6205 /* [CP] Copy Pods Resources */ = {
			isa = PBXShellScriptBuildPhase;
			buildActionMask = 2147483647;
			files = (
			);
			inputPaths = (
			);
			name = "[CP] Copy Pods Resources";
			outputPaths = (
			);
			runOnlyForDeploymentPostprocessing = 0;
			shellPath = /bin/sh;
			shellScript = "\"${SRCROOT}/Pods/Target Support Files/Pods-Career/Pods-Career-resources.sh\"\n";
			showEnvVarsInLog = 0;
		};
		D828F87ED40503A01E192E31 /* [CP] Embed Pods Frameworks */ = {
			isa = PBXShellScriptBuildPhase;
			buildActionMask = 2147483647;
			files = (
			);
			inputPaths = (
				"${SRCROOT}/Pods/Target Support Files/Pods-Career/Pods-Career-frameworks.sh",
				"${BUILT_PRODUCTS_DIR}/GoogleToolboxForMac/GoogleToolboxForMac.framework",
				"${BUILT_PRODUCTS_DIR}/Protobuf/Protobuf.framework",
				"${BUILT_PRODUCTS_DIR}/nanopb/nanopb.framework",
			);
			name = "[CP] Embed Pods Frameworks";
			outputPaths = (
				"${TARGET_BUILD_DIR}/${FRAMEWORKS_FOLDER_PATH}/GoogleToolboxForMac.framework",
				"${TARGET_BUILD_DIR}/${FRAMEWORKS_FOLDER_PATH}/Protobuf.framework",
				"${TARGET_BUILD_DIR}/${FRAMEWORKS_FOLDER_PATH}/nanopb.framework",
			);
			runOnlyForDeploymentPostprocessing = 0;
			shellPath = /bin/sh;
			shellScript = "\"${SRCROOT}/Pods/Target Support Files/Pods-Career/Pods-Career-frameworks.sh\"\n";
			showEnvVarsInLog = 0;
		};
/* End PBXShellScriptBuildPhase section */

/* Begin PBXSourcesBuildPhase section */
		C4A8087320282A27007D5812 /* Sources */ = {
			isa = PBXSourcesBuildPhase;
			buildActionMask = 2147483647;
			files = (
				356DB1A9203FEE7300EDDD43 /* NoticeModel.swift in Sources */,
				3524A7CB204D3623003759AD /* KeychainItemWrapper.m in Sources */,
				356DB1A3203FD2BA00EDDD43 /* NoticeTableVC.swift in Sources */,
				3590B11B203E5A1E0047DFA8 /* BeaconCompanyTableVC.swift in Sources */,
				35FE8AA52046409B001B5AF8 /* SubEventTableVC.swift in Sources */,
				356DB19D203F96A500EDDD43 /* SearchCompanyTableVC.swift in Sources */,
				35FE8AA320463D57001B5AF8 /* SubEventTableCell.swift in Sources */,
				3590B115203D7E110047DFA8 /* AlertManager.swift in Sources */,
				357B582F203A80BA00663628 /* CompanyTableCell.swift in Sources */,
				C4A8088320282A27007D5812 /* Career.xcdatamodeld in Sources */,
				C4A8087D20282A27007D5812 /* LoadVC.swift in Sources */,
				357B5831203A8E1900663628 /* InfoMainVC.swift in Sources */,
				3586B536204391230074736D /* ExpandableHeaderView.swift in Sources */,
				3586B586204523D30074736D /* EventPlaceVC.swift in Sources */,
				3590B111203D69430047DFA8 /* URLLoadImageView.swift in Sources */,
				357B5835203A988300663628 /* Company_InfoVC.swift in Sources */,
				35FE8AA720466E84001B5AF8 /* SubEventDetailVC.swift in Sources */,
				3590B10C203D2FA70047DFA8 /* CompanyDetailModel.swift in Sources */,
				3586B5882045405C0074736D /* EventPlaceZoomVC.swift in Sources */,
				3590B10F203D52440047DFA8 /* Key.swift in Sources */,
				357B5833203A984C00663628 /* Recruitment_InfoVC.swift in Sources */,
				3590B117203D81CA0047DFA8 /* CompanyListModel.swift in Sources */,
				C4A8087B20282A27007D5812 /* AppDelegate.swift in Sources */,
				35732E462031169700AC13D4 /* MapVC.swift in Sources */,
				35FE8ABA2046833C001B5AF8 /* SubEventModel.swift in Sources */,
				C4A80890202949A3007D5812 /* MainVC.swift in Sources */,
				35BDF13F203D097B005CB27B /* PaddingLabel.swift in Sources */,
				3590B109203D2D010047DFA8 /* BeaconModel.swift in Sources */,
				3586B5442043CEB30074736D /* NoticeTableCell.swift in Sources */,
			);
			runOnlyForDeploymentPostprocessing = 0;
		};
/* End PBXSourcesBuildPhase section */

/* Begin PBXVariantGroup section */
		C4A8087E20282A27007D5812 /* Main.storyboard */ = {
			isa = PBXVariantGroup;
			children = (
				C4A8087F20282A27007D5812 /* Base */,
			);
			name = Main.storyboard;
			sourceTree = "<group>";
		};
		C4A8088620282A27007D5812 /* LaunchScreen.storyboard */ = {
			isa = PBXVariantGroup;
			children = (
				C4A8088720282A27007D5812 /* Base */,
			);
			name = LaunchScreen.storyboard;
			sourceTree = "<group>";
		};
/* End PBXVariantGroup section */

/* Begin XCBuildConfiguration section */
		C4A8088A20282A27007D5812 /* Debug */ = {
			isa = XCBuildConfiguration;
			buildSettings = {
				ALWAYS_SEARCH_USER_PATHS = NO;
				CLANG_ANALYZER_NONNULL = YES;
				CLANG_ANALYZER_NUMBER_OBJECT_CONVERSION = YES_AGGRESSIVE;
				CLANG_CXX_LANGUAGE_STANDARD = "gnu++14";
				CLANG_CXX_LIBRARY = "libc++";
				CLANG_ENABLE_MODULES = YES;
				CLANG_ENABLE_OBJC_ARC = YES;
				CLANG_WARN_BLOCK_CAPTURE_AUTORELEASING = YES;
				CLANG_WARN_BOOL_CONVERSION = YES;
				CLANG_WARN_COMMA = YES;
				CLANG_WARN_CONSTANT_CONVERSION = YES;
				CLANG_WARN_DIRECT_OBJC_ISA_USAGE = YES_ERROR;
				CLANG_WARN_DOCUMENTATION_COMMENTS = YES;
				CLANG_WARN_EMPTY_BODY = YES;
				CLANG_WARN_ENUM_CONVERSION = YES;
				CLANG_WARN_INFINITE_RECURSION = YES;
				CLANG_WARN_INT_CONVERSION = YES;
				CLANG_WARN_NON_LITERAL_NULL_CONVERSION = YES;
				CLANG_WARN_OBJC_LITERAL_CONVERSION = YES;
				CLANG_WARN_OBJC_ROOT_CLASS = YES_ERROR;
				CLANG_WARN_RANGE_LOOP_ANALYSIS = YES;
				CLANG_WARN_STRICT_PROTOTYPES = YES;
				CLANG_WARN_SUSPICIOUS_MOVE = YES;
				CLANG_WARN_UNGUARDED_AVAILABILITY = YES_AGGRESSIVE;
				CLANG_WARN_UNREACHABLE_CODE = YES;
				CLANG_WARN__DUPLICATE_METHOD_MATCH = YES;
				CODE_SIGN_IDENTITY = "iPhone Developer";
				COPY_PHASE_STRIP = NO;
				DEBUG_INFORMATION_FORMAT = dwarf;
				ENABLE_STRICT_OBJC_MSGSEND = YES;
				ENABLE_TESTABILITY = YES;
				GCC_C_LANGUAGE_STANDARD = gnu11;
				GCC_DYNAMIC_NO_PIC = NO;
				GCC_NO_COMMON_BLOCKS = YES;
				GCC_OPTIMIZATION_LEVEL = 0;
				GCC_PREPROCESSOR_DEFINITIONS = (
					"DEBUG=1",
					"$(inherited)",
				);
				GCC_WARN_64_TO_32_BIT_CONVERSION = YES;
				GCC_WARN_ABOUT_RETURN_TYPE = YES_ERROR;
				GCC_WARN_UNDECLARED_SELECTOR = YES;
				GCC_WARN_UNINITIALIZED_AUTOS = YES_AGGRESSIVE;
				GCC_WARN_UNUSED_FUNCTION = YES;
				GCC_WARN_UNUSED_VARIABLE = YES;
				IPHONEOS_DEPLOYMENT_TARGET = 11.2;
				MTL_ENABLE_DEBUG_INFO = YES;
				ONLY_ACTIVE_ARCH = YES;
				SDKROOT = iphoneos;
				SWIFT_ACTIVE_COMPILATION_CONDITIONS = DEBUG;
				SWIFT_OPTIMIZATION_LEVEL = "-Onone";
			};
			name = Debug;
		};
		C4A8088B20282A27007D5812 /* Release */ = {
			isa = XCBuildConfiguration;
			buildSettings = {
				ALWAYS_SEARCH_USER_PATHS = NO;
				CLANG_ANALYZER_NONNULL = YES;
				CLANG_ANALYZER_NUMBER_OBJECT_CONVERSION = YES_AGGRESSIVE;
				CLANG_CXX_LANGUAGE_STANDARD = "gnu++14";
				CLANG_CXX_LIBRARY = "libc++";
				CLANG_ENABLE_MODULES = YES;
				CLANG_ENABLE_OBJC_ARC = YES;
				CLANG_WARN_BLOCK_CAPTURE_AUTORELEASING = YES;
				CLANG_WARN_BOOL_CONVERSION = YES;
				CLANG_WARN_COMMA = YES;
				CLANG_WARN_CONSTANT_CONVERSION = YES;
				CLANG_WARN_DIRECT_OBJC_ISA_USAGE = YES_ERROR;
				CLANG_WARN_DOCUMENTATION_COMMENTS = YES;
				CLANG_WARN_EMPTY_BODY = YES;
				CLANG_WARN_ENUM_CONVERSION = YES;
				CLANG_WARN_INFINITE_RECURSION = YES;
				CLANG_WARN_INT_CONVERSION = YES;
				CLANG_WARN_NON_LITERAL_NULL_CONVERSION = YES;
				CLANG_WARN_OBJC_LITERAL_CONVERSION = YES;
				CLANG_WARN_OBJC_ROOT_CLASS = YES_ERROR;
				CLANG_WARN_RANGE_LOOP_ANALYSIS = YES;
				CLANG_WARN_STRICT_PROTOTYPES = YES;
				CLANG_WARN_SUSPICIOUS_MOVE = YES;
				CLANG_WARN_UNGUARDED_AVAILABILITY = YES_AGGRESSIVE;
				CLANG_WARN_UNREACHABLE_CODE = YES;
				CLANG_WARN__DUPLICATE_METHOD_MATCH = YES;
				CODE_SIGN_IDENTITY = "iPhone Developer";
				COPY_PHASE_STRIP = NO;
				DEBUG_INFORMATION_FORMAT = "dwarf-with-dsym";
				ENABLE_NS_ASSERTIONS = NO;
				ENABLE_STRICT_OBJC_MSGSEND = YES;
				GCC_C_LANGUAGE_STANDARD = gnu11;
				GCC_NO_COMMON_BLOCKS = YES;
				GCC_WARN_64_TO_32_BIT_CONVERSION = YES;
				GCC_WARN_ABOUT_RETURN_TYPE = YES_ERROR;
				GCC_WARN_UNDECLARED_SELECTOR = YES;
				GCC_WARN_UNINITIALIZED_AUTOS = YES_AGGRESSIVE;
				GCC_WARN_UNUSED_FUNCTION = YES;
				GCC_WARN_UNUSED_VARIABLE = YES;
				IPHONEOS_DEPLOYMENT_TARGET = 11.2;
				MTL_ENABLE_DEBUG_INFO = NO;
				SDKROOT = iphoneos;
				SWIFT_OPTIMIZATION_LEVEL = "-Owholemodule";
				VALIDATE_PRODUCT = YES;
			};
			name = Release;
		};
		C4A8088D20282A27007D5812 /* Debug */ = {
			isa = XCBuildConfiguration;
			baseConfigurationReference = 0BA9F014B32E14A5DC622D9D /* Pods-Career.debug.xcconfig */;
			buildSettings = {
				ASSETCATALOG_COMPILER_APPICON_NAME = AppIcon;
				CODE_SIGN_ENTITLEMENTS = Career/Career.entitlements;
				CODE_SIGN_STYLE = Automatic;
				DEVELOPMENT_TEAM = 4RP78Z8DQG;
				ENABLE_BITCODE = NO;
				FRAMEWORK_SEARCH_PATHS = (
					"$(inherited)",
					"$(PROJECT_DIR)/Career",
					"$(PROJECT_DIR)/Career/DaumMapFramework",
					"$(PROJECT_DIR)/Career/ParseFramework",
				);
				INFOPLIST_FILE = Career/Info.plist;
				LD_RUNPATH_SEARCH_PATHS = "$(inherited) @executable_path/Frameworks";
				PRODUCT_BUNDLE_IDENTIFIER = com.beaconyx.Career;
				PRODUCT_NAME = "$(TARGET_NAME)";
				SWIFT_OBJC_BRIDGING_HEADER = "/Users/beaconyxcorp./Desktop/currentProject/iosCareer-master/Career/Objc/ObjcBridgeHeader.h";
				SWIFT_VERSION = 4.0;
				TARGETED_DEVICE_FAMILY = "1,2";
			};
			name = Debug;
		};
		C4A8088E20282A27007D5812 /* Release */ = {
			isa = XCBuildConfiguration;
			baseConfigurationReference = 4EC75E0F8F3216BA543E4D43 /* Pods-Career.release.xcconfig */;
			buildSettings = {
				ASSETCATALOG_COMPILER_APPICON_NAME = AppIcon;
				CODE_SIGN_ENTITLEMENTS = Career/Career.entitlements;
				CODE_SIGN_IDENTITY = "iPhone Developer";
				CODE_SIGN_STYLE = Automatic;
				DEVELOPMENT_TEAM = 4RP78Z8DQG;
				ENABLE_BITCODE = NO;
				FRAMEWORK_SEARCH_PATHS = (
					"$(inherited)",
					"$(PROJECT_DIR)/Career",
					"$(PROJECT_DIR)/Career/DaumMapFramework",
					"$(PROJECT_DIR)/Career/ParseFramework",
				);
				INFOPLIST_FILE = Career/Info.plist;
				LD_RUNPATH_SEARCH_PATHS = "$(inherited) @executable_path/Frameworks";
				PRODUCT_BUNDLE_IDENTIFIER = com.beaconyx.Career;
				PRODUCT_NAME = "$(TARGET_NAME)";
				SWIFT_OBJC_BRIDGING_HEADER = "/Users/beaconyxcorp./Desktop/currentProject/iosCareer-master/Career/Objc/ObjcBridgeHeader.h";
				SWIFT_VERSION = 4.0;
				TARGETED_DEVICE_FAMILY = "1,2";
			};
			name = Release;
		};
/* End XCBuildConfiguration section */

/* Begin XCConfigurationList section */
		C4A8087220282A27007D5812 /* Build configuration list for PBXProject "Career" */ = {
			isa = XCConfigurationList;
			buildConfigurations = (
				C4A8088A20282A27007D5812 /* Debug */,
				C4A8088B20282A27007D5812 /* Release */,
			);
			defaultConfigurationIsVisible = 0;
			defaultConfigurationName = Release;
		};
		C4A8088C20282A27007D5812 /* Build configuration list for PBXNativeTarget "Career" */ = {
			isa = XCConfigurationList;
			buildConfigurations = (
				C4A8088D20282A27007D5812 /* Debug */,
				C4A8088E20282A27007D5812 /* Release */,
			);
			defaultConfigurationIsVisible = 0;
			defaultConfigurationName = Release;
		};
/* End XCConfigurationList section */

/* Begin XCVersionGroup section */
		C4A8088120282A27007D5812 /* Career.xcdatamodeld */ = {
			isa = XCVersionGroup;
			children = (
				C4A8088220282A27007D5812 /* Career.xcdatamodel */,
			);
			currentVersion = C4A8088220282A27007D5812 /* Career.xcdatamodel */;
			path = Career.xcdatamodeld;
			sourceTree = "<group>";
			versionGroupType = wrapper.xcdatamodel;
		};
/* End XCVersionGroup section */
	};
	rootObject = C4A8086F20282A27007D5812 /* Project object */;
}
